PODS:
  - GoogleMaps (6.0.1):
    - GoogleMaps/Maps (= 6.0.1)
  - GoogleMaps/Base (6.0.1)
  - GoogleMaps/Maps (6.0.1):
    - GoogleMaps/Base
  - GooglePlaces (6.0.0)
  - SnapKit (5.0.1)

DEPENDENCIES:
  - GoogleMaps
  - GooglePlaces
  - SnapKit

SPEC REPOS:
  trunk:
    - GoogleMaps
    - GooglePlaces
    - SnapKit

SPEC CHECKSUMS:
  GoogleMaps: c213fc2334b7374144cede914da779b99be0ab74
  GooglePlaces: c97d96ae68594acb64035c9ca9f26fbfc1d23af1
  SnapKit: 97b92857e3df3a0c71833cce143274bf6ef8e5eb

PODFILE CHECKSUM: 05cee15cac7ef296abf8114f96a3f184350cbf7e

COCOAPODS: 1.11.2
